
Microsoft Visual Studio Solution File, Format Version 12.00
# Visual Studio Version 17
VisualStudioVersion = 17.8.34330.188
MinimumVisualStudioVersion = 10.0.40219.1
Project("{8BC9CEB8-8B4A-11D0-8D11-00A0C91BC942}") = "ddraw", "Source\ddraw\ddraw.vcxproj", "{DC3925E0-4AF4-4E37-971F-AB9FDFCE74C2}"
	ProjectSection(ProjectDependencies) = postProject
		{A2412060-91F8-4338-9AD1-937B7EEABDDE} = {A2412060-91F8-4338-9AD1-937B7EEABDDE}
	EndProjectSection
EndProject
Project("{8BC9CEB8-8B4A-11D0-8D11-00A0C91BC942}") = "dxguid", "Source\dxguid\dxguid.vcxproj", "{6FEF3366-146D-4FCF-ADDB-88618B774B74}"
EndProject
Project("{8BC9CEB8-8B4A-11D0-8D11-00A0C91BC942}") = "common", "Source\common\common.vcxproj", "{A2412060-91F8-4338-9AD1-937B7EEABDDE}"
EndProject
Project("{8BC9CEB8-8B4A-11D0-8D11-00A0C91BC942}") = "dsound", "Source\dsound\dsound.vcxproj", "{C04A914F-5DF8-434F-8187-E6FE9C6541A0}"
	ProjectSection(ProjectDependencies) = postProject
		{6FEF3366-146D-4FCF-ADDB-88618B774B74} = {6FEF3366-146D-4FCF-ADDB-88618B774B74}
		{A2412060-91F8-4338-9AD1-937B7EEABDDE} = {A2412060-91F8-4338-9AD1-937B7EEABDDE}
	EndProjectSection
EndProject
Global
	GlobalSection(SolutionConfigurationPlatforms) = preSolution
		Debug|x64 = Debug|x64
		Debug|x86 = Debug|x86
		Release|x64 = Release|x64
		Release|x86 = Release|x86
	EndGlobalSection
	GlobalSection(ProjectConfigurationPlatforms) = postSolution
		{DC3925E0-4AF4-4E37-971F-AB9FDFCE74C2}.Debug|x64.ActiveCfg = Debug|x64
		{DC3925E0-4AF4-4E37-971F-AB9FDFCE74C2}.Debug|x64.Build.0 = Debug|x64
		{DC3925E0-4AF4-4E37-971F-AB9FDFCE74C2}.Debug|x86.ActiveCfg = Debug|Win32
		{DC3925E0-4AF4-4E37-971F-AB9FDFCE74C2}.Debug|x86.Build.0 = Debug|Win32
		{DC3925E0-4AF4-4E37-971F-AB9FDFCE74C2}.Release|x64.ActiveCfg = Release|x64
		{DC3925E0-4AF4-4E37-971F-AB9FDFCE74C2}.Release|x64.Build.0 = Release|x64
		{DC3925E0-4AF4-4E37-971F-AB9FDFCE74C2}.Release|x86.ActiveCfg = Release|Win32
		{DC3925E0-4AF4-4E37-971F-AB9FDFCE74C2}.Release|x86.Build.0 = Release|Win32
		{6FEF3366-146D-4FCF-ADDB-88618B774B74}.Debug|x64.ActiveCfg = Debug|x64
		{6FEF3366-146D-4FCF-ADDB-88618B774B74}.Debug|x64.Build.0 = Debug|x64
		{6FEF3366-146D-4FCF-ADDB-88618B774B74}.Debug|x86.ActiveCfg = Debug|Win32
		{6FEF3366-146D-4FCF-ADDB-88618B774B74}.Debug|x86.Build.0 = Debug|Win32
		{6FEF3366-146D-4FCF-ADDB-88618B774B74}.Release|x64.ActiveCfg = Release|x64
		{6FEF3366-146D-4FCF-ADDB-88618B774B74}.Release|x64.Build.0 = Release|x64
		{6FEF3366-146D-4FCF-ADDB-88618B774B74}.Release|x86.ActiveCfg = Release|Win32
		{6FEF3366-146D-4FCF-ADDB-88618B774B74}.Release|x86.Build.0 = Release|Win32
		{A2412060-91F8-4338-9AD1-937B7EEABDDE}.Debug|x64.ActiveCfg = Debug|x64
		{A2412060-91F8-4338-9AD1-937B7EEABDDE}.Debug|x64.Build.0 = Debug|x64
		{A2412060-91F8-4338-9AD1-937B7EEABDDE}.Debug|x86.ActiveCfg = Debug|Win32
		{A2412060-91F8-4338-9AD1-937B7EEABDDE}.Debug|x86.Build.0 = Debug|Win32
		{A2412060-91F8-4338-9AD1-937B7EEABDDE}.Release|x64.ActiveCfg = Release|x64
		{A2412060-91F8-4338-9AD1-937B7EEABDDE}.Release|x64.Build.0 = Release|x64
		{A2412060-91F8-4338-9AD1-937B7EEABDDE}.Release|x86.ActiveCfg = Release|Win32
		{A2412060-91F8-4338-9AD1-937B7EEABDDE}.Release|x86.Build.0 = Release|Win32
		{C04A914F-5DF8-434F-8187-E6FE9C6541A0}.Debug|x64.ActiveCfg = Debug|x64
		{C04A914F-5DF8-434F-8187-E6FE9C6541A0}.Debug|x64.Build.0 = Debug|x64
		{C04A914F-5DF8-434F-8187-E6FE9C6541A0}.Debug|x86.ActiveCfg = Debug|Win32
		{C04A914F-5DF8-434F-8187-E6FE9C6541A0}.Debug|x86.Build.0 = Debug|Win32
		{C04A914F-5DF8-434F-8187-E6FE9C6541A0}.Release|x64.ActiveCfg = Release|x64
		{C04A914F-5DF8-434F-8187-E6FE9C6541A0}.Release|x64.Build.0 = Release|x64
		{C04A914F-5DF8-434F-8187-E6FE9C6541A0}.Release|x86.ActiveCfg = Release|Win32
		{C04A914F-5DF8-434F-8187-E6FE9C6541A0}.Release|x86.Build.0 = Release|Win32
	EndGlobalSection
	GlobalSection(SolutionProperties) = preSolution
		HideSolutionNode = FALSE
	EndGlobalSection
	GlobalSection(ExtensibilityGlobals) = postSolution
		SolutionGuid = {BBFB3130-5D66-4354-B467-02470F3D022E}
	EndGlobalSection
EndGlobal
