
Microsoft Visual Studio Solution File, Format Version 12.00
# Visual Studio Version 17
VisualStudioVersion = 17.8.34330.188
MinimumVisualStudioVersion = 10.0.40219.1
Project("{2150E333-8FDC-42A3-9474-1A3956D46DE8}") = "DirectX", "DirectX", "{6A905073-70F4-47AF-87CD-1A5A042AE18D}"
EndProject
Project("{8BC9CEB8-8B4A-11D0-8D11-00A0C91BC942}") = "dxguid", "..\Source\dxguid\dxguid.vcxproj", "{6FEF3366-146D-4FCF-ADDB-88618B774B74}"
EndProject
Project("{8BC9CEB8-8B4A-11D0-8D11-00A0C91BC942}") = "ddraw", "..\Source\ddraw\ddraw.vcxproj", "{DC3925E0-4AF4-4E37-971F-AB9FDFCE74C2}"
EndProject
Project("{8BC9CEB8-8B4A-11D0-8D11-00A0C91BC942}") = "ddraw", "ddraw\ddraw.vcxproj", "{F7C8D7FC-6869-4F90-84DB-B03A18227EA3}"
	ProjectSection(ProjectDependencies) = postProject
		{6FEF3366-146D-4FCF-ADDB-88618B774B74} = {6FEF3366-146D-4FCF-ADDB-88618B774B74}
		{DC3925E0-4AF4-4E37-971F-AB9FDFCE74C2} = {DC3925E0-4AF4-4E37-971F-AB9FDFCE74C2}
	EndProjectSection
EndProject
Project("{8BC9CEB8-8B4A-11D0-8D11-00A0C91BC942}") = "common", "..\Source\common\common.vcxproj", "{A2412060-91F8-4338-9AD1-937B7EEABDDE}"
EndProject
Project("{8BC9CEB8-8B4A-11D0-8D11-00A0C91BC942}") = "dsound", "..\Source\dsound\dsound.vcxproj", "{C04A914F-5DF8-434F-8187-E6FE9C6541A0}"
EndProject
Project("{8BC9CEB8-8B4A-11D0-8D11-00A0C91BC942}") = "dsound", "dsound\dsound.vcxproj", "{05EB794B-795C-4BDA-B4DF-76FC05243BE2}"
	ProjectSection(ProjectDependencies) = postProject
		{6FEF3366-146D-4FCF-ADDB-88618B774B74} = {6FEF3366-146D-4FCF-ADDB-88618B774B74}
		{C04A914F-5DF8-434F-8187-E6FE9C6541A0} = {C04A914F-5DF8-434F-8187-E6FE9C6541A0}
	EndProjectSection
EndProject
Project("{8BC9CEB8-8B4A-11D0-8D11-00A0C91BC942}") = "d3d8", "..\Source\d3d8\d3d8.vcxproj", "{08F4F5A9-6EE5-4F1D-8EDC-1B2FD2BE8554}"
	ProjectSection(ProjectDependencies) = postProject
		{6FEF3366-146D-4FCF-ADDB-88618B774B74} = {6FEF3366-146D-4FCF-ADDB-88618B774B74}
		{A2412060-91F8-4338-9AD1-937B7EEABDDE} = {A2412060-91F8-4338-9AD1-937B7EEABDDE}
	EndProjectSection
EndProject
Project("{8BC9CEB8-8B4A-11D0-8D11-00A0C91BC942}") = "d3d8", "d3d8\d3d8.vcxproj", "{DE6AF450-BFA6-4D42-8C91-68A87D3CA7A1}"
	ProjectSection(ProjectDependencies) = postProject
		{08F4F5A9-6EE5-4F1D-8EDC-1B2FD2BE8554} = {08F4F5A9-6EE5-4F1D-8EDC-1B2FD2BE8554}
		{6FEF3366-146D-4FCF-ADDB-88618B774B74} = {6FEF3366-146D-4FCF-ADDB-88618B774B74}
	EndProjectSection
EndProject
Global
	GlobalSection(SolutionConfigurationPlatforms) = preSolution
		Debug|x64 = Debug|x64
		Debug|x86 = Debug|x86
		Release|x64 = Release|x64
		Release|x86 = Release|x86
	EndGlobalSection
	GlobalSection(ProjectConfigurationPlatforms) = postSolution
		{6FEF3366-146D-4FCF-ADDB-88618B774B74}.Debug|x64.ActiveCfg = Debug|x64
		{6FEF3366-146D-4FCF-ADDB-88618B774B74}.Debug|x64.Build.0 = Debug|x64
		{6FEF3366-146D-4FCF-ADDB-88618B774B74}.Debug|x86.ActiveCfg = Debug|Win32
		{6FEF3366-146D-4FCF-ADDB-88618B774B74}.Debug|x86.Build.0 = Debug|Win32
		{6FEF3366-146D-4FCF-ADDB-88618B774B74}.Release|x64.ActiveCfg = Release|x64
		{6FEF3366-146D-4FCF-ADDB-88618B774B74}.Release|x64.Build.0 = Release|x64
		{6FEF3366-146D-4FCF-ADDB-88618B774B74}.Release|x86.ActiveCfg = Release|Win32
		{6FEF3366-146D-4FCF-ADDB-88618B774B74}.Release|x86.Build.0 = Release|Win32
		{DC3925E0-4AF4-4E37-971F-AB9FDFCE74C2}.Debug|x64.ActiveCfg = Debug|x64
		{DC3925E0-4AF4-4E37-971F-AB9FDFCE74C2}.Debug|x64.Build.0 = Debug|x64
		{DC3925E0-4AF4-4E37-971F-AB9FDFCE74C2}.Debug|x86.ActiveCfg = Debug|Win32
		{DC3925E0-4AF4-4E37-971F-AB9FDFCE74C2}.Debug|x86.Build.0 = Debug|Win32
		{DC3925E0-4AF4-4E37-971F-AB9FDFCE74C2}.Release|x64.ActiveCfg = Release|x64
		{DC3925E0-4AF4-4E37-971F-AB9FDFCE74C2}.Release|x64.Build.0 = Release|x64
		{DC3925E0-4AF4-4E37-971F-AB9FDFCE74C2}.Release|x86.ActiveCfg = Release|Win32
		{DC3925E0-4AF4-4E37-971F-AB9FDFCE74C2}.Release|x86.Build.0 = Release|Win32
		{F7C8D7FC-6869-4F90-84DB-B03A18227EA3}.Debug|x64.ActiveCfg = Debug|x64
		{F7C8D7FC-6869-4F90-84DB-B03A18227EA3}.Debug|x64.Build.0 = Debug|x64
		{F7C8D7FC-6869-4F90-84DB-B03A18227EA3}.Debug|x86.ActiveCfg = Debug|Win32
		{F7C8D7FC-6869-4F90-84DB-B03A18227EA3}.Debug|x86.Build.0 = Debug|Win32
		{F7C8D7FC-6869-4F90-84DB-B03A18227EA3}.Release|x64.ActiveCfg = Release|x64
		{F7C8D7FC-6869-4F90-84DB-B03A18227EA3}.Release|x64.Build.0 = Release|x64
		{F7C8D7FC-6869-4F90-84DB-B03A18227EA3}.Release|x86.ActiveCfg = Release|Win32
		{F7C8D7FC-6869-4F90-84DB-B03A18227EA3}.Release|x86.Build.0 = Release|Win32
		{A2412060-91F8-4338-9AD1-937B7EEABDDE}.Debug|x64.ActiveCfg = Debug|x64
		{A2412060-91F8-4338-9AD1-937B7EEABDDE}.Debug|x64.Build.0 = Debug|x64
		{A2412060-91F8-4338-9AD1-937B7EEABDDE}.Debug|x86.ActiveCfg = Debug|Win32
		{A2412060-91F8-4338-9AD1-937B7EEABDDE}.Debug|x86.Build.0 = Debug|Win32
		{A2412060-91F8-4338-9AD1-937B7EEABDDE}.Release|x64.ActiveCfg = Release|x64
		{A2412060-91F8-4338-9AD1-937B7EEABDDE}.Release|x64.Build.0 = Release|x64
		{A2412060-91F8-4338-9AD1-937B7EEABDDE}.Release|x86.ActiveCfg = Release|Win32
		{A2412060-91F8-4338-9AD1-937B7EEABDDE}.Release|x86.Build.0 = Release|Win32
		{C04A914F-5DF8-434F-8187-E6FE9C6541A0}.Debug|x64.ActiveCfg = Debug|x64
		{C04A914F-5DF8-434F-8187-E6FE9C6541A0}.Debug|x64.Build.0 = Debug|x64
		{C04A914F-5DF8-434F-8187-E6FE9C6541A0}.Debug|x86.ActiveCfg = Debug|Win32
		{C04A914F-5DF8-434F-8187-E6FE9C6541A0}.Debug|x86.Build.0 = Debug|Win32
		{C04A914F-5DF8-434F-8187-E6FE9C6541A0}.Release|x64.ActiveCfg = Release|x64
		{C04A914F-5DF8-434F-8187-E6FE9C6541A0}.Release|x64.Build.0 = Release|x64
		{C04A914F-5DF8-434F-8187-E6FE9C6541A0}.Release|x86.ActiveCfg = Release|Win32
		{C04A914F-5DF8-434F-8187-E6FE9C6541A0}.Release|x86.Build.0 = Release|Win32
		{05EB794B-795C-4BDA-B4DF-76FC05243BE2}.Debug|x64.ActiveCfg = Debug|x64
		{05EB794B-795C-4BDA-B4DF-76FC05243BE2}.Debug|x64.Build.0 = Debug|x64
		{05EB794B-795C-4BDA-B4DF-76FC05243BE2}.Debug|x86.ActiveCfg = Debug|Win32
		{05EB794B-795C-4BDA-B4DF-76FC05243BE2}.Debug|x86.Build.0 = Debug|Win32
		{05EB794B-795C-4BDA-B4DF-76FC05243BE2}.Release|x64.ActiveCfg = Release|x64
		{05EB794B-795C-4BDA-B4DF-76FC05243BE2}.Release|x64.Build.0 = Release|x64
		{05EB794B-795C-4BDA-B4DF-76FC05243BE2}.Release|x86.ActiveCfg = Release|Win32
		{05EB794B-795C-4BDA-B4DF-76FC05243BE2}.Release|x86.Build.0 = Release|Win32
		{08F4F5A9-6EE5-4F1D-8EDC-1B2FD2BE8554}.Debug|x64.ActiveCfg = Debug|x64
		{08F4F5A9-6EE5-4F1D-8EDC-1B2FD2BE8554}.Debug|x64.Build.0 = Debug|x64
		{08F4F5A9-6EE5-4F1D-8EDC-1B2FD2BE8554}.Debug|x86.ActiveCfg = Debug|Win32
		{08F4F5A9-6EE5-4F1D-8EDC-1B2FD2BE8554}.Debug|x86.Build.0 = Debug|Win32
		{08F4F5A9-6EE5-4F1D-8EDC-1B2FD2BE8554}.Release|x64.ActiveCfg = Release|x64
		{08F4F5A9-6EE5-4F1D-8EDC-1B2FD2BE8554}.Release|x64.Build.0 = Release|x64
		{08F4F5A9-6EE5-4F1D-8EDC-1B2FD2BE8554}.Release|x86.ActiveCfg = Release|Win32
		{08F4F5A9-6EE5-4F1D-8EDC-1B2FD2BE8554}.Release|x86.Build.0 = Release|Win32
		{DE6AF450-BFA6-4D42-8C91-68A87D3CA7A1}.Debug|x64.ActiveCfg = Debug|x64
		{DE6AF450-BFA6-4D42-8C91-68A87D3CA7A1}.Debug|x64.Build.0 = Debug|x64
		{DE6AF450-BFA6-4D42-8C91-68A87D3CA7A1}.Debug|x86.ActiveCfg = Debug|Win32
		{DE6AF450-BFA6-4D42-8C91-68A87D3CA7A1}.Debug|x86.Build.0 = Debug|Win32
		{DE6AF450-BFA6-4D42-8C91-68A87D3CA7A1}.Release|x64.ActiveCfg = Release|x64
		{DE6AF450-BFA6-4D42-8C91-68A87D3CA7A1}.Release|x64.Build.0 = Release|x64
		{DE6AF450-BFA6-4D42-8C91-68A87D3CA7A1}.Release|x86.ActiveCfg = Release|Win32
		{DE6AF450-BFA6-4D42-8C91-68A87D3CA7A1}.Release|x86.Build.0 = Release|Win32
	EndGlobalSection
	GlobalSection(SolutionProperties) = preSolution
		HideSolutionNode = FALSE
	EndGlobalSection
	GlobalSection(NestedProjects) = preSolution
		{6FEF3366-146D-4FCF-ADDB-88618B774B74} = {6A905073-70F4-47AF-87CD-1A5A042AE18D}
		{DC3925E0-4AF4-4E37-971F-AB9FDFCE74C2} = {6A905073-70F4-47AF-87CD-1A5A042AE18D}
		{A2412060-91F8-4338-9AD1-937B7EEABDDE} = {6A905073-70F4-47AF-87CD-1A5A042AE18D}
		{C04A914F-5DF8-434F-8187-E6FE9C6541A0} = {6A905073-70F4-47AF-87CD-1A5A042AE18D}
		{08F4F5A9-6EE5-4F1D-8EDC-1B2FD2BE8554} = {6A905073-70F4-47AF-87CD-1A5A042AE18D}
	EndGlobalSection
	GlobalSection(ExtensibilityGlobals) = postSolution
		SolutionGuid = {637C3822-D9F6-40F4-8C4D-C8EBDAC3317F}
	EndGlobalSection
EndGlobal
